
Microsoft Visual Studio Solution File, Format Version 12.00
# Visual Studio 15
VisualStudioVersion = 15.0.26730.10
MinimumVisualStudioVersion = 10.0.40219.1
Project("{FAE04EC0-301F-11D3-BF4B-00C04F79EFBC}") = "MyCodeBible2017", "MyCodeBible2017\MyCodeBible2017.csproj", "{FAB1C50D-02B0-447C-9998-CDAA5CFDB896}"
EndProject
Project("{FAE04EC0-301F-11D3-BF4B-00C04F79EFBC}") = "Generics1", "Generics1\Generics1.csproj", "{9651D7EA-873F-4C0B-A06B-D7D2EBD208CC}"
EndProject
Project("{FAE04EC0-301F-11D3-BF4B-00C04F79EFBC}") = "Generics", "Generics\Generics.csproj", "{A343B0AE-5AA5-4B71-BC8C-121B54BB065C}"
EndProject
Project("{FAE04EC0-301F-11D3-BF4B-00C04F79EFBC}") = "Generics2", "Generics2\Generics2.csproj", "{8BE2E18F-EC4F-410E-A57E-FA4BC31C3365}"
EndProject
Project("{FAE04EC0-301F-11D3-BF4B-00C04F79EFBC}") = "AbstractClasses", "AbstractClasses\AbstractClasses.csproj", "{29FBA839-9AE7-4ADF-BCA4-910CDB578BD9}"
EndProject
Project("{FAE04EC0-301F-11D3-BF4B-00C04F79EFBC}") = "AbstractClassesVSInterfaces", "AbstractClassesVSInterfaces\AbstractClassesVSInterfaces.csproj", "{3FB2E0FE-6A40-4752-8896-1A586D453059}"
EndProject
Project("{FAE04EC0-301F-11D3-BF4B-00C04F79EFBC}") = "AbstractExample", "AbstractExample\AbstractExample.csproj", "{7107979F-FCAC-4E3B-9B1D-2DC514DD1B47}"
EndProject
Project("{FAE04EC0-301F-11D3-BF4B-00C04F79EFBC}") = "AnonymousMethods", "AnonymousMethods\AnonymousMethods.csproj", "{3BBB4DC7-7251-4D85-8C95-56F1273A4A8F}"
EndProject
Project("{FAE04EC0-301F-11D3-BF4B-00C04F79EFBC}") = "CSharp3PocketReference", "CSharp3PocketReference\CSharp3PocketReference.csproj", "{0D5C2700-F99E-47AC-8BF2-8E44ECE96493}"
EndProject
Project("{FAE04EC0-301F-11D3-BF4B-00C04F79EFBC}") = "CSharpNewLanguageFeaturesAndCodingStandardsCourse", "CSharpNewLanguageFeaturesAndCodingStandardsCourse\CSharpNewLanguageFeaturesAndCodingStandardsCourse.csproj", "{C4351CE6-9590-4CF9-BAFB-733FC8540E7D}"
EndProject
Project("{FAE04EC0-301F-11D3-BF4B-00C04F79EFBC}") = "CSharpNewLanguageFeaturesExperiments", "CSharpNewLanguageFeaturesExperiments\CSharpNewLanguageFeaturesExperiments.csproj", "{6A923EA3-2B8F-437E-A411-2277C5AD630F}"
EndProject
Project("{FAE04EC0-301F-11D3-BF4B-00C04F79EFBC}") = "Delegates", "Delegates\Delegates.csproj", "{15880BF4-0727-4583-9748-42E7D8725830}"
EndProject
Project("{FAE04EC0-301F-11D3-BF4B-00C04F79EFBC}") = "Delegates2", "Delegates2\Delegates2.csproj", "{9B991988-400D-49C4-80EF-CF24C5791517}"
EndProject
Project("{FAE04EC0-301F-11D3-BF4B-00C04F79EFBC}") = "DelegatesExample", "DelegatesExample\DelegatesExample.csproj", "{541D9043-E0F3-42D0-8403-68B868D1C14F}"
EndProject
Project("{FAE04EC0-301F-11D3-BF4B-00C04F79EFBC}") = "GridViewUsingCode", "GridViewUsingCode\GridViewUsingCode.csproj", "{497F175C-B43A-4F6F-82A6-8DA578EF9673}"
EndProject
Project("{FAE04EC0-301F-11D3-BF4B-00C04F79EFBC}") = "HTML5Examples", "HTML5Examples\HTML5Examples.csproj", "{F4A44F9C-A948-47FC-A61E-448CE92EFE3D}"
EndProject
Project("{FAE04EC0-301F-11D3-BF4B-00C04F79EFBC}") = "HtmlDOM", "HtmlDOM\HtmlDOM.csproj", "{A219A4B5-786A-40EB-A455-22307D21B4F1}"
EndProject
Project("{FAE04EC0-301F-11D3-BF4B-00C04F79EFBC}") = "IDictionaryStuff", "IDictionaryStuff\IDictionaryStuff.csproj", "{A0E366D5-F494-49EF-A3D5-54654D990EDF}"
EndProject
Project("{FAE04EC0-301F-11D3-BF4B-00C04F79EFBC}") = "InterfaceExample1", "InterfaceExample1\InterfaceExample1.csproj", "{064FD96E-8985-4204-B112-F75312CB268A}"
EndProject
Project("{FAE04EC0-301F-11D3-BF4B-00C04F79EFBC}") = "Interfaces", "Interfaces\Interfaces.csproj", "{E5492830-8272-42BE-9E76-2886949E7937}"
EndProject
Project("{FAE04EC0-301F-11D3-BF4B-00C04F79EFBC}") = "InterfaceSearchLibraryConsoleApplication", "InterfaceSearchLibraryConsoleApplication\InterfaceSearchLibraryConsoleApplication.csproj", "{AA2F543B-37E2-4C44-A770-21398D3057BA}"
EndProject
Project("{FAE04EC0-301F-11D3-BF4B-00C04F79EFBC}") = "InterfacesExample", "InterfacesExample\InterfacesExample.csproj", "{0A716237-3E46-48A3-85F5-693486F6A70E}"
EndProject
Project("{FAE04EC0-301F-11D3-BF4B-00C04F79EFBC}") = "InterfacesExample2", "InterfacesExample2\InterfacesExample2.csproj", "{03653FDA-CF46-4AB2-BE18-A43C96BC8822}"
EndProject
Project("{FAE04EC0-301F-11D3-BF4B-00C04F79EFBC}") = "JavaScript", "JavaScript\JavaScript.csproj", "{B70BE0C0-66D7-4FCF-9B4E-5064967450A6}"
EndProject
Project("{FAE04EC0-301F-11D3-BF4B-00C04F79EFBC}") = "JQueryExamples", "JQueryExamples\JQueryExamples.csproj", "{99E672C7-6BD5-4984-B128-D2AEC3B5AF0E}"
EndProject
Project("{FAE04EC0-301F-11D3-BF4B-00C04F79EFBC}") = "LinqExample", "LinqExample\LinqExample.csproj", "{73A0B768-E477-45C5-8079-B19A28553E7A}"
EndProject
Project("{FAE04EC0-301F-11D3-BF4B-00C04F79EFBC}") = "LINQExamples", "LINQExamples\LINQExamples.csproj", "{FC1D25DE-C68D-45B5-9EAE-F320F6EB40C2}"
EndProject
Project("{FAE04EC0-301F-11D3-BF4B-00C04F79EFBC}") = "LinqToSQLWebApplication", "LinqToSQLWebApplication\LinqToSQLWebApplication.csproj", "{19A4C2DB-0951-47FD-A3DC-C4BAEFB9ED3B}"
EndProject
Project("{FAE04EC0-301F-11D3-BF4B-00C04F79EFBC}") = "ListsAndDictionaries", "ListsAndDictionaries\ListsAndDictionaries.csproj", "{B808CCFC-6018-43AC-92C8-0049FFF052EF}"
EndProject
Project("{FAE04EC0-301F-11D3-BF4B-00C04F79EFBC}") = "ObjectAndCollectionInitializers", "ObjectAndCollectionInitializers\ObjectAndCollectionInitializers.csproj", "{D98A7E42-3A2F-415A-B74A-3CF971CADC66}"
EndProject
Project("{FAE04EC0-301F-11D3-BF4B-00C04F79EFBC}") = "PostAndGet", "PostAndGet\PostAndGet.csproj", "{81FA724A-65EF-4719-9F45-BFC2BD391DF6}"
EndProject
Project("{FAE04EC0-301F-11D3-BF4B-00C04F79EFBC}") = "ProjectEuler", "ProjectEuler\ProjectEuler.csproj", "{3B167989-7A84-4237-93BA-73B8A7840C07}"
EndProject
Project("{FAE04EC0-301F-11D3-BF4B-00C04F79EFBC}") = "PropertyBagExample", "PropertyBagExample\PropertyBagExample.csproj", "{CC9E5C00-3A82-4B1B-B378-D1EEC996E435}"
EndProject
Project("{FAE04EC0-301F-11D3-BF4B-00C04F79EFBC}") = "SimpleDataStructures", "SimpleDataStructures\SimpleDataStructures.csproj", "{7273C226-47C1-4597-8751-A8329B075606}"
EndProject
Project("{FAE04EC0-301F-11D3-BF4B-00C04F79EFBC}") = "Structures", "Structures\Structures.csproj", "{A2AD91F0-E6ED-4FDA-BA2D-83AD76D5571D}"
EndProject
Project("{FAE04EC0-301F-11D3-BF4B-00C04F79EFBC}") = "TestDrivenDevelopmentPOC", "TestDrivenDevelopmentPOC\TestDrivenDevelopmentPOC.csproj", "{88EDFF8D-7F6F-4B11-9E7E-835E01E905EA}"
EndProject
Project("{FAE04EC0-301F-11D3-BF4B-00C04F79EFBC}") = "ConditionalCompilationAttributes", "TestWebApplication\ConditionalCompilationAttributes.csproj", "{4A4B62BF-E019-4D6C-951C-0D1430001E73}"
EndProject
Project("{FAE04EC0-301F-11D3-BF4B-00C04F79EFBC}") = "TestWpfApplication", "TestWpfApplication\TestWpfApplication\TestWpfApplication.csproj", "{D6B7FFFC-342A-4549-B535-B7E6751A59F6}"
EndProject
Project("{FAE04EC0-301F-11D3-BF4B-00C04F79EFBC}") = "VirtualAndOverrideMethods", "VirtualAndOverrideMethods\VirtualAndOverrideMethods.csproj", "{7B604D58-3CBB-477D-82CE-DE7C968280C7}"
EndProject
Global
	GlobalSection(SolutionConfigurationPlatforms) = preSolution
		Debug|Any CPU = Debug|Any CPU
		Debug|x86 = Debug|x86
		Release|Any CPU = Release|Any CPU
		Release|x86 = Release|x86
	EndGlobalSection
	GlobalSection(ProjectConfigurationPlatforms) = postSolution
		{FAB1C50D-02B0-447C-9998-CDAA5CFDB896}.Debug|Any CPU.ActiveCfg = Debug|Any CPU
		{FAB1C50D-02B0-447C-9998-CDAA5CFDB896}.Debug|Any CPU.Build.0 = Debug|Any CPU
		{FAB1C50D-02B0-447C-9998-CDAA5CFDB896}.Debug|x86.ActiveCfg = Debug|Any CPU
		{FAB1C50D-02B0-447C-9998-CDAA5CFDB896}.Debug|x86.Build.0 = Debug|Any CPU
		{FAB1C50D-02B0-447C-9998-CDAA5CFDB896}.Release|Any CPU.ActiveCfg = Release|Any CPU
		{FAB1C50D-02B0-447C-9998-CDAA5CFDB896}.Release|Any CPU.Build.0 = Release|Any CPU
		{FAB1C50D-02B0-447C-9998-CDAA5CFDB896}.Release|x86.ActiveCfg = Release|Any CPU
		{FAB1C50D-02B0-447C-9998-CDAA5CFDB896}.Release|x86.Build.0 = Release|Any CPU
		{9651D7EA-873F-4C0B-A06B-D7D2EBD208CC}.Debug|Any CPU.ActiveCfg = Debug|Any CPU
		{9651D7EA-873F-4C0B-A06B-D7D2EBD208CC}.Debug|Any CPU.Build.0 = Debug|Any CPU
		{9651D7EA-873F-4C0B-A06B-D7D2EBD208CC}.Debug|x86.ActiveCfg = Debug|Any CPU
		{9651D7EA-873F-4C0B-A06B-D7D2EBD208CC}.Debug|x86.Build.0 = Debug|Any CPU
		{9651D7EA-873F-4C0B-A06B-D7D2EBD208CC}.Release|Any CPU.ActiveCfg = Release|Any CPU
		{9651D7EA-873F-4C0B-A06B-D7D2EBD208CC}.Release|Any CPU.Build.0 = Release|Any CPU
		{9651D7EA-873F-4C0B-A06B-D7D2EBD208CC}.Release|x86.ActiveCfg = Release|Any CPU
		{9651D7EA-873F-4C0B-A06B-D7D2EBD208CC}.Release|x86.Build.0 = Release|Any CPU
		{A343B0AE-5AA5-4B71-BC8C-121B54BB065C}.Debug|Any CPU.ActiveCfg = Debug|Any CPU
		{A343B0AE-5AA5-4B71-BC8C-121B54BB065C}.Debug|Any CPU.Build.0 = Debug|Any CPU
		{A343B0AE-5AA5-4B71-BC8C-121B54BB065C}.Debug|x86.ActiveCfg = Debug|Any CPU
		{A343B0AE-5AA5-4B71-BC8C-121B54BB065C}.Debug|x86.Build.0 = Debug|Any CPU
		{A343B0AE-5AA5-4B71-BC8C-121B54BB065C}.Release|Any CPU.ActiveCfg = Release|Any CPU
		{A343B0AE-5AA5-4B71-BC8C-121B54BB065C}.Release|Any CPU.Build.0 = Release|Any CPU
		{A343B0AE-5AA5-4B71-BC8C-121B54BB065C}.Release|x86.ActiveCfg = Release|Any CPU
		{A343B0AE-5AA5-4B71-BC8C-121B54BB065C}.Release|x86.Build.0 = Release|Any CPU
		{8BE2E18F-EC4F-410E-A57E-FA4BC31C3365}.Debug|Any CPU.ActiveCfg = Debug|Any CPU
		{8BE2E18F-EC4F-410E-A57E-FA4BC31C3365}.Debug|Any CPU.Build.0 = Debug|Any CPU
		{8BE2E18F-EC4F-410E-A57E-FA4BC31C3365}.Debug|x86.ActiveCfg = Debug|Any CPU
		{8BE2E18F-EC4F-410E-A57E-FA4BC31C3365}.Debug|x86.Build.0 = Debug|Any CPU
		{8BE2E18F-EC4F-410E-A57E-FA4BC31C3365}.Release|Any CPU.ActiveCfg = Release|Any CPU
		{8BE2E18F-EC4F-410E-A57E-FA4BC31C3365}.Release|Any CPU.Build.0 = Release|Any CPU
		{8BE2E18F-EC4F-410E-A57E-FA4BC31C3365}.Release|x86.ActiveCfg = Release|Any CPU
		{8BE2E18F-EC4F-410E-A57E-FA4BC31C3365}.Release|x86.Build.0 = Release|Any CPU
		{29FBA839-9AE7-4ADF-BCA4-910CDB578BD9}.Debug|Any CPU.ActiveCfg = Debug|Any CPU
		{29FBA839-9AE7-4ADF-BCA4-910CDB578BD9}.Debug|Any CPU.Build.0 = Debug|Any CPU
		{29FBA839-9AE7-4ADF-BCA4-910CDB578BD9}.Debug|x86.ActiveCfg = Debug|Any CPU
		{29FBA839-9AE7-4ADF-BCA4-910CDB578BD9}.Debug|x86.Build.0 = Debug|Any CPU
		{29FBA839-9AE7-4ADF-BCA4-910CDB578BD9}.Release|Any CPU.ActiveCfg = Release|Any CPU
		{29FBA839-9AE7-4ADF-BCA4-910CDB578BD9}.Release|Any CPU.Build.0 = Release|Any CPU
		{29FBA839-9AE7-4ADF-BCA4-910CDB578BD9}.Release|x86.ActiveCfg = Release|Any CPU
		{29FBA839-9AE7-4ADF-BCA4-910CDB578BD9}.Release|x86.Build.0 = Release|Any CPU
		{3FB2E0FE-6A40-4752-8896-1A586D453059}.Debug|Any CPU.ActiveCfg = Debug|Any CPU
		{3FB2E0FE-6A40-4752-8896-1A586D453059}.Debug|Any CPU.Build.0 = Debug|Any CPU
		{3FB2E0FE-6A40-4752-8896-1A586D453059}.Debug|x86.ActiveCfg = Debug|Any CPU
		{3FB2E0FE-6A40-4752-8896-1A586D453059}.Debug|x86.Build.0 = Debug|Any CPU
		{3FB2E0FE-6A40-4752-8896-1A586D453059}.Release|Any CPU.ActiveCfg = Release|Any CPU
		{3FB2E0FE-6A40-4752-8896-1A586D453059}.Release|Any CPU.Build.0 = Release|Any CPU
		{3FB2E0FE-6A40-4752-8896-1A586D453059}.Release|x86.ActiveCfg = Release|Any CPU
		{3FB2E0FE-6A40-4752-8896-1A586D453059}.Release|x86.Build.0 = Release|Any CPU
		{7107979F-FCAC-4E3B-9B1D-2DC514DD1B47}.Debug|Any CPU.ActiveCfg = Debug|Any CPU
		{7107979F-FCAC-4E3B-9B1D-2DC514DD1B47}.Debug|Any CPU.Build.0 = Debug|Any CPU
		{7107979F-FCAC-4E3B-9B1D-2DC514DD1B47}.Debug|x86.ActiveCfg = Debug|Any CPU
		{7107979F-FCAC-4E3B-9B1D-2DC514DD1B47}.Debug|x86.Build.0 = Debug|Any CPU
		{7107979F-FCAC-4E3B-9B1D-2DC514DD1B47}.Release|Any CPU.ActiveCfg = Release|Any CPU
		{7107979F-FCAC-4E3B-9B1D-2DC514DD1B47}.Release|Any CPU.Build.0 = Release|Any CPU
		{7107979F-FCAC-4E3B-9B1D-2DC514DD1B47}.Release|x86.ActiveCfg = Release|Any CPU
		{7107979F-FCAC-4E3B-9B1D-2DC514DD1B47}.Release|x86.Build.0 = Release|Any CPU
		{3BBB4DC7-7251-4D85-8C95-56F1273A4A8F}.Debug|Any CPU.ActiveCfg = Debug|Any CPU
		{3BBB4DC7-7251-4D85-8C95-56F1273A4A8F}.Debug|Any CPU.Build.0 = Debug|Any CPU
		{3BBB4DC7-7251-4D85-8C95-56F1273A4A8F}.Debug|x86.ActiveCfg = Debug|Any CPU
		{3BBB4DC7-7251-4D85-8C95-56F1273A4A8F}.Debug|x86.Build.0 = Debug|Any CPU
		{3BBB4DC7-7251-4D85-8C95-56F1273A4A8F}.Release|Any CPU.ActiveCfg = Release|Any CPU
		{3BBB4DC7-7251-4D85-8C95-56F1273A4A8F}.Release|Any CPU.Build.0 = Release|Any CPU
		{3BBB4DC7-7251-4D85-8C95-56F1273A4A8F}.Release|x86.ActiveCfg = Release|Any CPU
		{3BBB4DC7-7251-4D85-8C95-56F1273A4A8F}.Release|x86.Build.0 = Release|Any CPU
		{0D5C2700-F99E-47AC-8BF2-8E44ECE96493}.Debug|Any CPU.ActiveCfg = Debug|Any CPU
		{0D5C2700-F99E-47AC-8BF2-8E44ECE96493}.Debug|Any CPU.Build.0 = Debug|Any CPU
		{0D5C2700-F99E-47AC-8BF2-8E44ECE96493}.Debug|x86.ActiveCfg = Debug|Any CPU
		{0D5C2700-F99E-47AC-8BF2-8E44ECE96493}.Debug|x86.Build.0 = Debug|Any CPU
		{0D5C2700-F99E-47AC-8BF2-8E44ECE96493}.Release|Any CPU.ActiveCfg = Release|Any CPU
		{0D5C2700-F99E-47AC-8BF2-8E44ECE96493}.Release|Any CPU.Build.0 = Release|Any CPU
		{0D5C2700-F99E-47AC-8BF2-8E44ECE96493}.Release|x86.ActiveCfg = Release|Any CPU
		{0D5C2700-F99E-47AC-8BF2-8E44ECE96493}.Release|x86.Build.0 = Release|Any CPU
		{C4351CE6-9590-4CF9-BAFB-733FC8540E7D}.Debug|Any CPU.ActiveCfg = Debug|Any CPU
		{C4351CE6-9590-4CF9-BAFB-733FC8540E7D}.Debug|Any CPU.Build.0 = Debug|Any CPU
		{C4351CE6-9590-4CF9-BAFB-733FC8540E7D}.Debug|x86.ActiveCfg = Debug|Any CPU
		{C4351CE6-9590-4CF9-BAFB-733FC8540E7D}.Debug|x86.Build.0 = Debug|Any CPU
		{C4351CE6-9590-4CF9-BAFB-733FC8540E7D}.Release|Any CPU.ActiveCfg = Release|Any CPU
		{C4351CE6-9590-4CF9-BAFB-733FC8540E7D}.Release|Any CPU.Build.0 = Release|Any CPU
		{C4351CE6-9590-4CF9-BAFB-733FC8540E7D}.Release|x86.ActiveCfg = Release|Any CPU
		{C4351CE6-9590-4CF9-BAFB-733FC8540E7D}.Release|x86.Build.0 = Release|Any CPU
		{6A923EA3-2B8F-437E-A411-2277C5AD630F}.Debug|Any CPU.ActiveCfg = Debug|Any CPU
		{6A923EA3-2B8F-437E-A411-2277C5AD630F}.Debug|Any CPU.Build.0 = Debug|Any CPU
		{6A923EA3-2B8F-437E-A411-2277C5AD630F}.Debug|x86.ActiveCfg = Debug|Any CPU
		{6A923EA3-2B8F-437E-A411-2277C5AD630F}.Debug|x86.Build.0 = Debug|Any CPU
		{6A923EA3-2B8F-437E-A411-2277C5AD630F}.Release|Any CPU.ActiveCfg = Release|Any CPU
		{6A923EA3-2B8F-437E-A411-2277C5AD630F}.Release|Any CPU.Build.0 = Release|Any CPU
		{6A923EA3-2B8F-437E-A411-2277C5AD630F}.Release|x86.ActiveCfg = Release|Any CPU
		{6A923EA3-2B8F-437E-A411-2277C5AD630F}.Release|x86.Build.0 = Release|Any CPU
		{15880BF4-0727-4583-9748-42E7D8725830}.Debug|Any CPU.ActiveCfg = Debug|Any CPU
		{15880BF4-0727-4583-9748-42E7D8725830}.Debug|Any CPU.Build.0 = Debug|Any CPU
		{15880BF4-0727-4583-9748-42E7D8725830}.Debug|x86.ActiveCfg = Debug|Any CPU
		{15880BF4-0727-4583-9748-42E7D8725830}.Debug|x86.Build.0 = Debug|Any CPU
		{15880BF4-0727-4583-9748-42E7D8725830}.Release|Any CPU.ActiveCfg = Release|Any CPU
		{15880BF4-0727-4583-9748-42E7D8725830}.Release|Any CPU.Build.0 = Release|Any CPU
		{15880BF4-0727-4583-9748-42E7D8725830}.Release|x86.ActiveCfg = Release|Any CPU
		{15880BF4-0727-4583-9748-42E7D8725830}.Release|x86.Build.0 = Release|Any CPU
		{9B991988-400D-49C4-80EF-CF24C5791517}.Debug|Any CPU.ActiveCfg = Debug|Any CPU
		{9B991988-400D-49C4-80EF-CF24C5791517}.Debug|Any CPU.Build.0 = Debug|Any CPU
		{9B991988-400D-49C4-80EF-CF24C5791517}.Debug|x86.ActiveCfg = Debug|Any CPU
		{9B991988-400D-49C4-80EF-CF24C5791517}.Debug|x86.Build.0 = Debug|Any CPU
		{9B991988-400D-49C4-80EF-CF24C5791517}.Release|Any CPU.ActiveCfg = Release|Any CPU
		{9B991988-400D-49C4-80EF-CF24C5791517}.Release|Any CPU.Build.0 = Release|Any CPU
		{9B991988-400D-49C4-80EF-CF24C5791517}.Release|x86.ActiveCfg = Release|Any CPU
		{9B991988-400D-49C4-80EF-CF24C5791517}.Release|x86.Build.0 = Release|Any CPU
		{541D9043-E0F3-42D0-8403-68B868D1C14F}.Debug|Any CPU.ActiveCfg = Debug|Any CPU
		{541D9043-E0F3-42D0-8403-68B868D1C14F}.Debug|Any CPU.Build.0 = Debug|Any CPU
		{541D9043-E0F3-42D0-8403-68B868D1C14F}.Debug|x86.ActiveCfg = Debug|Any CPU
		{541D9043-E0F3-42D0-8403-68B868D1C14F}.Debug|x86.Build.0 = Debug|Any CPU
		{541D9043-E0F3-42D0-8403-68B868D1C14F}.Release|Any CPU.ActiveCfg = Release|Any CPU
		{541D9043-E0F3-42D0-8403-68B868D1C14F}.Release|Any CPU.Build.0 = Release|Any CPU
		{541D9043-E0F3-42D0-8403-68B868D1C14F}.Release|x86.ActiveCfg = Release|Any CPU
		{541D9043-E0F3-42D0-8403-68B868D1C14F}.Release|x86.Build.0 = Release|Any CPU
		{497F175C-B43A-4F6F-82A6-8DA578EF9673}.Debug|Any CPU.ActiveCfg = Debug|Any CPU
		{497F175C-B43A-4F6F-82A6-8DA578EF9673}.Debug|Any CPU.Build.0 = Debug|Any CPU
		{497F175C-B43A-4F6F-82A6-8DA578EF9673}.Debug|x86.ActiveCfg = Debug|Any CPU
		{497F175C-B43A-4F6F-82A6-8DA578EF9673}.Debug|x86.Build.0 = Debug|Any CPU
		{497F175C-B43A-4F6F-82A6-8DA578EF9673}.Release|Any CPU.ActiveCfg = Release|Any CPU
		{497F175C-B43A-4F6F-82A6-8DA578EF9673}.Release|Any CPU.Build.0 = Release|Any CPU
		{497F175C-B43A-4F6F-82A6-8DA578EF9673}.Release|x86.ActiveCfg = Release|Any CPU
		{497F175C-B43A-4F6F-82A6-8DA578EF9673}.Release|x86.Build.0 = Release|Any CPU
		{F4A44F9C-A948-47FC-A61E-448CE92EFE3D}.Debug|Any CPU.ActiveCfg = Debug|Any CPU
		{F4A44F9C-A948-47FC-A61E-448CE92EFE3D}.Debug|Any CPU.Build.0 = Debug|Any CPU
		{F4A44F9C-A948-47FC-A61E-448CE92EFE3D}.Debug|x86.ActiveCfg = Debug|Any CPU
		{F4A44F9C-A948-47FC-A61E-448CE92EFE3D}.Debug|x86.Build.0 = Debug|Any CPU
		{F4A44F9C-A948-47FC-A61E-448CE92EFE3D}.Release|Any CPU.ActiveCfg = Release|Any CPU
		{F4A44F9C-A948-47FC-A61E-448CE92EFE3D}.Release|Any CPU.Build.0 = Release|Any CPU
		{F4A44F9C-A948-47FC-A61E-448CE92EFE3D}.Release|x86.ActiveCfg = Release|Any CPU
		{F4A44F9C-A948-47FC-A61E-448CE92EFE3D}.Release|x86.Build.0 = Release|Any CPU
		{A219A4B5-786A-40EB-A455-22307D21B4F1}.Debug|Any CPU.ActiveCfg = Debug|Any CPU
		{A219A4B5-786A-40EB-A455-22307D21B4F1}.Debug|Any CPU.Build.0 = Debug|Any CPU
		{A219A4B5-786A-40EB-A455-22307D21B4F1}.Debug|x86.ActiveCfg = Debug|Any CPU
		{A219A4B5-786A-40EB-A455-22307D21B4F1}.Debug|x86.Build.0 = Debug|Any CPU
		{A219A4B5-786A-40EB-A455-22307D21B4F1}.Release|Any CPU.ActiveCfg = Release|Any CPU
		{A219A4B5-786A-40EB-A455-22307D21B4F1}.Release|Any CPU.Build.0 = Release|Any CPU
		{A219A4B5-786A-40EB-A455-22307D21B4F1}.Release|x86.ActiveCfg = Release|Any CPU
		{A219A4B5-786A-40EB-A455-22307D21B4F1}.Release|x86.Build.0 = Release|Any CPU
		{A0E366D5-F494-49EF-A3D5-54654D990EDF}.Debug|Any CPU.ActiveCfg = Debug|Any CPU
		{A0E366D5-F494-49EF-A3D5-54654D990EDF}.Debug|Any CPU.Build.0 = Debug|Any CPU
		{A0E366D5-F494-49EF-A3D5-54654D990EDF}.Debug|x86.ActiveCfg = Debug|Any CPU
		{A0E366D5-F494-49EF-A3D5-54654D990EDF}.Debug|x86.Build.0 = Debug|Any CPU
		{A0E366D5-F494-49EF-A3D5-54654D990EDF}.Release|Any CPU.ActiveCfg = Release|Any CPU
		{A0E366D5-F494-49EF-A3D5-54654D990EDF}.Release|Any CPU.Build.0 = Release|Any CPU
		{A0E366D5-F494-49EF-A3D5-54654D990EDF}.Release|x86.ActiveCfg = Release|Any CPU
		{A0E366D5-F494-49EF-A3D5-54654D990EDF}.Release|x86.Build.0 = Release|Any CPU
		{064FD96E-8985-4204-B112-F75312CB268A}.Debug|Any CPU.ActiveCfg = Debug|Any CPU
		{064FD96E-8985-4204-B112-F75312CB268A}.Debug|Any CPU.Build.0 = Debug|Any CPU
		{064FD96E-8985-4204-B112-F75312CB268A}.Debug|x86.ActiveCfg = Debug|Any CPU
		{064FD96E-8985-4204-B112-F75312CB268A}.Debug|x86.Build.0 = Debug|Any CPU
		{064FD96E-8985-4204-B112-F75312CB268A}.Release|Any CPU.ActiveCfg = Release|Any CPU
		{064FD96E-8985-4204-B112-F75312CB268A}.Release|Any CPU.Build.0 = Release|Any CPU
		{064FD96E-8985-4204-B112-F75312CB268A}.Release|x86.ActiveCfg = Release|Any CPU
		{064FD96E-8985-4204-B112-F75312CB268A}.Release|x86.Build.0 = Release|Any CPU
		{E5492830-8272-42BE-9E76-2886949E7937}.Debug|Any CPU.ActiveCfg = Debug|Any CPU
		{E5492830-8272-42BE-9E76-2886949E7937}.Debug|Any CPU.Build.0 = Debug|Any CPU
		{E5492830-8272-42BE-9E76-2886949E7937}.Debug|x86.ActiveCfg = Debug|Any CPU
		{E5492830-8272-42BE-9E76-2886949E7937}.Debug|x86.Build.0 = Debug|Any CPU
		{E5492830-8272-42BE-9E76-2886949E7937}.Release|Any CPU.ActiveCfg = Release|Any CPU
		{E5492830-8272-42BE-9E76-2886949E7937}.Release|Any CPU.Build.0 = Release|Any CPU
		{E5492830-8272-42BE-9E76-2886949E7937}.Release|x86.ActiveCfg = Release|Any CPU
		{E5492830-8272-42BE-9E76-2886949E7937}.Release|x86.Build.0 = Release|Any CPU
		{AA2F543B-37E2-4C44-A770-21398D3057BA}.Debug|Any CPU.ActiveCfg = Debug|Any CPU
		{AA2F543B-37E2-4C44-A770-21398D3057BA}.Debug|Any CPU.Build.0 = Debug|Any CPU
		{AA2F543B-37E2-4C44-A770-21398D3057BA}.Debug|x86.ActiveCfg = Debug|Any CPU
		{AA2F543B-37E2-4C44-A770-21398D3057BA}.Debug|x86.Build.0 = Debug|Any CPU
		{AA2F543B-37E2-4C44-A770-21398D3057BA}.Release|Any CPU.ActiveCfg = Release|Any CPU
		{AA2F543B-37E2-4C44-A770-21398D3057BA}.Release|Any CPU.Build.0 = Release|Any CPU
		{AA2F543B-37E2-4C44-A770-21398D3057BA}.Release|x86.ActiveCfg = Release|Any CPU
		{AA2F543B-37E2-4C44-A770-21398D3057BA}.Release|x86.Build.0 = Release|Any CPU
		{0A716237-3E46-48A3-85F5-693486F6A70E}.Debug|Any CPU.ActiveCfg = Debug|Any CPU
		{0A716237-3E46-48A3-85F5-693486F6A70E}.Debug|Any CPU.Build.0 = Debug|Any CPU
		{0A716237-3E46-48A3-85F5-693486F6A70E}.Debug|x86.ActiveCfg = Debug|Any CPU
		{0A716237-3E46-48A3-85F5-693486F6A70E}.Debug|x86.Build.0 = Debug|Any CPU
		{0A716237-3E46-48A3-85F5-693486F6A70E}.Release|Any CPU.ActiveCfg = Release|Any CPU
		{0A716237-3E46-48A3-85F5-693486F6A70E}.Release|Any CPU.Build.0 = Release|Any CPU
		{0A716237-3E46-48A3-85F5-693486F6A70E}.Release|x86.ActiveCfg = Release|Any CPU
		{0A716237-3E46-48A3-85F5-693486F6A70E}.Release|x86.Build.0 = Release|Any CPU
		{03653FDA-CF46-4AB2-BE18-A43C96BC8822}.Debug|Any CPU.ActiveCfg = Debug|Any CPU
		{03653FDA-CF46-4AB2-BE18-A43C96BC8822}.Debug|Any CPU.Build.0 = Debug|Any CPU
		{03653FDA-CF46-4AB2-BE18-A43C96BC8822}.Debug|x86.ActiveCfg = Debug|Any CPU
		{03653FDA-CF46-4AB2-BE18-A43C96BC8822}.Debug|x86.Build.0 = Debug|Any CPU
		{03653FDA-CF46-4AB2-BE18-A43C96BC8822}.Release|Any CPU.ActiveCfg = Release|Any CPU
		{03653FDA-CF46-4AB2-BE18-A43C96BC8822}.Release|Any CPU.Build.0 = Release|Any CPU
		{03653FDA-CF46-4AB2-BE18-A43C96BC8822}.Release|x86.ActiveCfg = Release|Any CPU
		{03653FDA-CF46-4AB2-BE18-A43C96BC8822}.Release|x86.Build.0 = Release|Any CPU
		{B70BE0C0-66D7-4FCF-9B4E-5064967450A6}.Debug|Any CPU.ActiveCfg = Debug|Any CPU
		{B70BE0C0-66D7-4FCF-9B4E-5064967450A6}.Debug|Any CPU.Build.0 = Debug|Any CPU
		{B70BE0C0-66D7-4FCF-9B4E-5064967450A6}.Debug|x86.ActiveCfg = Debug|Any CPU
		{B70BE0C0-66D7-4FCF-9B4E-5064967450A6}.Debug|x86.Build.0 = Debug|Any CPU
		{B70BE0C0-66D7-4FCF-9B4E-5064967450A6}.Release|Any CPU.ActiveCfg = Release|Any CPU
		{B70BE0C0-66D7-4FCF-9B4E-5064967450A6}.Release|Any CPU.Build.0 = Release|Any CPU
		{B70BE0C0-66D7-4FCF-9B4E-5064967450A6}.Release|x86.ActiveCfg = Release|Any CPU
		{B70BE0C0-66D7-4FCF-9B4E-5064967450A6}.Release|x86.Build.0 = Release|Any CPU
		{99E672C7-6BD5-4984-B128-D2AEC3B5AF0E}.Debug|Any CPU.ActiveCfg = Debug|Any CPU
		{99E672C7-6BD5-4984-B128-D2AEC3B5AF0E}.Debug|Any CPU.Build.0 = Debug|Any CPU
		{99E672C7-6BD5-4984-B128-D2AEC3B5AF0E}.Debug|x86.ActiveCfg = Debug|Any CPU
		{99E672C7-6BD5-4984-B128-D2AEC3B5AF0E}.Debug|x86.Build.0 = Debug|Any CPU
		{99E672C7-6BD5-4984-B128-D2AEC3B5AF0E}.Release|Any CPU.ActiveCfg = Release|Any CPU
		{99E672C7-6BD5-4984-B128-D2AEC3B5AF0E}.Release|Any CPU.Build.0 = Release|Any CPU
		{99E672C7-6BD5-4984-B128-D2AEC3B5AF0E}.Release|x86.ActiveCfg = Release|Any CPU
		{99E672C7-6BD5-4984-B128-D2AEC3B5AF0E}.Release|x86.Build.0 = Release|Any CPU
		{73A0B768-E477-45C5-8079-B19A28553E7A}.Debug|Any CPU.ActiveCfg = Debug|x86
		{73A0B768-E477-45C5-8079-B19A28553E7A}.Debug|x86.ActiveCfg = Debug|x86
		{73A0B768-E477-45C5-8079-B19A28553E7A}.Debug|x86.Build.0 = Debug|x86
		{73A0B768-E477-45C5-8079-B19A28553E7A}.Release|Any CPU.ActiveCfg = Release|x86
		{73A0B768-E477-45C5-8079-B19A28553E7A}.Release|x86.ActiveCfg = Release|x86
		{73A0B768-E477-45C5-8079-B19A28553E7A}.Release|x86.Build.0 = Release|x86
		{FC1D25DE-C68D-45B5-9EAE-F320F6EB40C2}.Debug|Any CPU.ActiveCfg = Debug|Any CPU
		{FC1D25DE-C68D-45B5-9EAE-F320F6EB40C2}.Debug|Any CPU.Build.0 = Debug|Any CPU
		{FC1D25DE-C68D-45B5-9EAE-F320F6EB40C2}.Debug|x86.ActiveCfg = Debug|Any CPU
		{FC1D25DE-C68D-45B5-9EAE-F320F6EB40C2}.Debug|x86.Build.0 = Debug|Any CPU
		{FC1D25DE-C68D-45B5-9EAE-F320F6EB40C2}.Release|Any CPU.ActiveCfg = Release|Any CPU
		{FC1D25DE-C68D-45B5-9EAE-F320F6EB40C2}.Release|Any CPU.Build.0 = Release|Any CPU
		{FC1D25DE-C68D-45B5-9EAE-F320F6EB40C2}.Release|x86.ActiveCfg = Release|Any CPU
		{FC1D25DE-C68D-45B5-9EAE-F320F6EB40C2}.Release|x86.Build.0 = Release|Any CPU
		{19A4C2DB-0951-47FD-A3DC-C4BAEFB9ED3B}.Debug|Any CPU.ActiveCfg = Debug|Any CPU
		{19A4C2DB-0951-47FD-A3DC-C4BAEFB9ED3B}.Debug|Any CPU.Build.0 = Debug|Any CPU
		{19A4C2DB-0951-47FD-A3DC-C4BAEFB9ED3B}.Debug|x86.ActiveCfg = Debug|Any CPU
		{19A4C2DB-0951-47FD-A3DC-C4BAEFB9ED3B}.Debug|x86.Build.0 = Debug|Any CPU
		{19A4C2DB-0951-47FD-A3DC-C4BAEFB9ED3B}.Release|Any CPU.ActiveCfg = Release|Any CPU
		{19A4C2DB-0951-47FD-A3DC-C4BAEFB9ED3B}.Release|Any CPU.Build.0 = Release|Any CPU
		{19A4C2DB-0951-47FD-A3DC-C4BAEFB9ED3B}.Release|x86.ActiveCfg = Release|Any CPU
		{19A4C2DB-0951-47FD-A3DC-C4BAEFB9ED3B}.Release|x86.Build.0 = Release|Any CPU
		{B808CCFC-6018-43AC-92C8-0049FFF052EF}.Debug|Any CPU.ActiveCfg = Debug|x86
		{B808CCFC-6018-43AC-92C8-0049FFF052EF}.Debug|x86.ActiveCfg = Debug|x86
		{B808CCFC-6018-43AC-92C8-0049FFF052EF}.Debug|x86.Build.0 = Debug|x86
		{B808CCFC-6018-43AC-92C8-0049FFF052EF}.Release|Any CPU.ActiveCfg = Release|x86
		{B808CCFC-6018-43AC-92C8-0049FFF052EF}.Release|x86.ActiveCfg = Release|x86
		{B808CCFC-6018-43AC-92C8-0049FFF052EF}.Release|x86.Build.0 = Release|x86
		{D98A7E42-3A2F-415A-B74A-3CF971CADC66}.Debug|Any CPU.ActiveCfg = Debug|x86
		{D98A7E42-3A2F-415A-B74A-3CF971CADC66}.Debug|x86.ActiveCfg = Debug|x86
		{D98A7E42-3A2F-415A-B74A-3CF971CADC66}.Debug|x86.Build.0 = Debug|x86
		{D98A7E42-3A2F-415A-B74A-3CF971CADC66}.Release|Any CPU.ActiveCfg = Release|x86
		{D98A7E42-3A2F-415A-B74A-3CF971CADC66}.Release|x86.ActiveCfg = Release|x86
		{D98A7E42-3A2F-415A-B74A-3CF971CADC66}.Release|x86.Build.0 = Release|x86
		{81FA724A-65EF-4719-9F45-BFC2BD391DF6}.Debug|Any CPU.ActiveCfg = Debug|Any CPU
		{81FA724A-65EF-4719-9F45-BFC2BD391DF6}.Debug|Any CPU.Build.0 = Debug|Any CPU
		{81FA724A-65EF-4719-9F45-BFC2BD391DF6}.Debug|x86.ActiveCfg = Debug|Any CPU
		{81FA724A-65EF-4719-9F45-BFC2BD391DF6}.Debug|x86.Build.0 = Debug|Any CPU
		{81FA724A-65EF-4719-9F45-BFC2BD391DF6}.Release|Any CPU.ActiveCfg = Release|Any CPU
		{81FA724A-65EF-4719-9F45-BFC2BD391DF6}.Release|Any CPU.Build.0 = Release|Any CPU
		{81FA724A-65EF-4719-9F45-BFC2BD391DF6}.Release|x86.ActiveCfg = Release|Any CPU
		{81FA724A-65EF-4719-9F45-BFC2BD391DF6}.Release|x86.Build.0 = Release|Any CPU
		{3B167989-7A84-4237-93BA-73B8A7840C07}.Debug|Any CPU.ActiveCfg = Debug|x86
		{3B167989-7A84-4237-93BA-73B8A7840C07}.Debug|x86.ActiveCfg = Debug|x86
		{3B167989-7A84-4237-93BA-73B8A7840C07}.Debug|x86.Build.0 = Debug|x86
		{3B167989-7A84-4237-93BA-73B8A7840C07}.Release|Any CPU.ActiveCfg = Release|x86
		{3B167989-7A84-4237-93BA-73B8A7840C07}.Release|x86.ActiveCfg = Release|x86
		{3B167989-7A84-4237-93BA-73B8A7840C07}.Release|x86.Build.0 = Release|x86
		{CC9E5C00-3A82-4B1B-B378-D1EEC996E435}.Debug|Any CPU.ActiveCfg = Debug|Any CPU
		{CC9E5C00-3A82-4B1B-B378-D1EEC996E435}.Debug|Any CPU.Build.0 = Debug|Any CPU
		{CC9E5C00-3A82-4B1B-B378-D1EEC996E435}.Debug|x86.ActiveCfg = Debug|Any CPU
		{CC9E5C00-3A82-4B1B-B378-D1EEC996E435}.Debug|x86.Build.0 = Debug|Any CPU
		{CC9E5C00-3A82-4B1B-B378-D1EEC996E435}.Release|Any CPU.ActiveCfg = Release|Any CPU
		{CC9E5C00-3A82-4B1B-B378-D1EEC996E435}.Release|Any CPU.Build.0 = Release|Any CPU
		{CC9E5C00-3A82-4B1B-B378-D1EEC996E435}.Release|x86.ActiveCfg = Release|Any CPU
		{CC9E5C00-3A82-4B1B-B378-D1EEC996E435}.Release|x86.Build.0 = Release|Any CPU
		{7273C226-47C1-4597-8751-A8329B075606}.Debug|Any CPU.ActiveCfg = Debug|Any CPU
		{7273C226-47C1-4597-8751-A8329B075606}.Debug|Any CPU.Build.0 = Debug|Any CPU
		{7273C226-47C1-4597-8751-A8329B075606}.Debug|x86.ActiveCfg = Debug|Any CPU
		{7273C226-47C1-4597-8751-A8329B075606}.Debug|x86.Build.0 = Debug|Any CPU
		{7273C226-47C1-4597-8751-A8329B075606}.Release|Any CPU.ActiveCfg = Release|Any CPU
		{7273C226-47C1-4597-8751-A8329B075606}.Release|Any CPU.Build.0 = Release|Any CPU
		{7273C226-47C1-4597-8751-A8329B075606}.Release|x86.ActiveCfg = Release|Any CPU
		{7273C226-47C1-4597-8751-A8329B075606}.Release|x86.Build.0 = Release|Any CPU
		{A2AD91F0-E6ED-4FDA-BA2D-83AD76D5571D}.Debug|Any CPU.ActiveCfg = Debug|x86
		{A2AD91F0-E6ED-4FDA-BA2D-83AD76D5571D}.Debug|x86.ActiveCfg = Debug|x86
		{A2AD91F0-E6ED-4FDA-BA2D-83AD76D5571D}.Debug|x86.Build.0 = Debug|x86
		{A2AD91F0-E6ED-4FDA-BA2D-83AD76D5571D}.Release|Any CPU.ActiveCfg = Release|x86
		{A2AD91F0-E6ED-4FDA-BA2D-83AD76D5571D}.Release|x86.ActiveCfg = Release|x86
		{A2AD91F0-E6ED-4FDA-BA2D-83AD76D5571D}.Release|x86.Build.0 = Release|x86
		{88EDFF8D-7F6F-4B11-9E7E-835E01E905EA}.Debug|Any CPU.ActiveCfg = Debug|Any CPU
		{88EDFF8D-7F6F-4B11-9E7E-835E01E905EA}.Debug|Any CPU.Build.0 = Debug|Any CPU
		{88EDFF8D-7F6F-4B11-9E7E-835E01E905EA}.Debug|x86.ActiveCfg = Debug|Any CPU
		{88EDFF8D-7F6F-4B11-9E7E-835E01E905EA}.Debug|x86.Build.0 = Debug|Any CPU
		{88EDFF8D-7F6F-4B11-9E7E-835E01E905EA}.Release|Any CPU.ActiveCfg = Release|Any CPU
		{88EDFF8D-7F6F-4B11-9E7E-835E01E905EA}.Release|Any CPU.Build.0 = Release|Any CPU
		{88EDFF8D-7F6F-4B11-9E7E-835E01E905EA}.Release|x86.ActiveCfg = Release|Any CPU
		{88EDFF8D-7F6F-4B11-9E7E-835E01E905EA}.Release|x86.Build.0 = Release|Any CPU
		{4A4B62BF-E019-4D6C-951C-0D1430001E73}.Debug|Any CPU.ActiveCfg = Debug|Any CPU
		{4A4B62BF-E019-4D6C-951C-0D1430001E73}.Debug|Any CPU.Build.0 = Debug|Any CPU
		{4A4B62BF-E019-4D6C-951C-0D1430001E73}.Debug|x86.ActiveCfg = Debug|Any CPU
		{4A4B62BF-E019-4D6C-951C-0D1430001E73}.Debug|x86.Build.0 = Debug|Any CPU
		{4A4B62BF-E019-4D6C-951C-0D1430001E73}.Release|Any CPU.ActiveCfg = Release|Any CPU
		{4A4B62BF-E019-4D6C-951C-0D1430001E73}.Release|Any CPU.Build.0 = Release|Any CPU
		{4A4B62BF-E019-4D6C-951C-0D1430001E73}.Release|x86.ActiveCfg = Release|Any CPU
		{4A4B62BF-E019-4D6C-951C-0D1430001E73}.Release|x86.Build.0 = Release|Any CPU
		{D6B7FFFC-342A-4549-B535-B7E6751A59F6}.Debug|Any CPU.ActiveCfg = Debug|Any CPU
		{D6B7FFFC-342A-4549-B535-B7E6751A59F6}.Debug|Any CPU.Build.0 = Debug|Any CPU
		{D6B7FFFC-342A-4549-B535-B7E6751A59F6}.Debug|x86.ActiveCfg = Debug|Any CPU
		{D6B7FFFC-342A-4549-B535-B7E6751A59F6}.Debug|x86.Build.0 = Debug|Any CPU
		{D6B7FFFC-342A-4549-B535-B7E6751A59F6}.Release|Any CPU.ActiveCfg = Release|Any CPU
		{D6B7FFFC-342A-4549-B535-B7E6751A59F6}.Release|Any CPU.Build.0 = Release|Any CPU
		{D6B7FFFC-342A-4549-B535-B7E6751A59F6}.Release|x86.ActiveCfg = Release|Any CPU
		{D6B7FFFC-342A-4549-B535-B7E6751A59F6}.Release|x86.Build.0 = Release|Any CPU
		{7B604D58-3CBB-477D-82CE-DE7C968280C7}.Debug|Any CPU.ActiveCfg = Debug|Any CPU
		{7B604D58-3CBB-477D-82CE-DE7C968280C7}.Debug|Any CPU.Build.0 = Debug|Any CPU
		{7B604D58-3CBB-477D-82CE-DE7C968280C7}.Debug|x86.ActiveCfg = Debug|Any CPU
		{7B604D58-3CBB-477D-82CE-DE7C968280C7}.Debug|x86.Build.0 = Debug|Any CPU
		{7B604D58-3CBB-477D-82CE-DE7C968280C7}.Release|Any CPU.ActiveCfg = Release|Any CPU
		{7B604D58-3CBB-477D-82CE-DE7C968280C7}.Release|Any CPU.Build.0 = Release|Any CPU
		{7B604D58-3CBB-477D-82CE-DE7C968280C7}.Release|x86.ActiveCfg = Release|Any CPU
		{7B604D58-3CBB-477D-82CE-DE7C968280C7}.Release|x86.Build.0 = Release|Any CPU
	EndGlobalSection
	GlobalSection(SolutionProperties) = preSolution
		HideSolutionNode = FALSE
	EndGlobalSection
	GlobalSection(ExtensibilityGlobals) = postSolution
		SolutionGuid = {7E4CFCD8-37D7-46B0-8334-1477C210FEF8}
	EndGlobalSection
	GlobalSection(TeamFoundationVersionControl) = preSolution
		SccNumberOfProjects = 40
		SccEnterpriseProvider = {4CA58AB2-18FA-4F8D-95D4-32DDF27D184C}
		SccTeamFoundationServer = https://nigelsmyth.visualstudio.com/
		SccLocalPath0 = .
		SccProjectUniqueName1 = MyCodeBible2017\\MyCodeBible2017.csproj
		SccProjectName1 = MyCodeBible2017
		SccLocalPath1 = MyCodeBible2017
		SccProjectUniqueName2 = Generics1\\Generics1.csproj
		SccProjectName2 = Generics1
		SccLocalPath2 = Generics1
		SccProjectUniqueName3 = Generics\\Generics.csproj
		SccProjectName3 = Generics
		SccLocalPath3 = Generics
		SccProjectUniqueName4 = Generics2\\Generics2.csproj
		SccProjectName4 = Generics2
		SccLocalPath4 = Generics2
		SccProjectUniqueName5 = AbstractClasses\\AbstractClasses.csproj
		SccProjectName5 = AbstractClasses
		SccLocalPath5 = AbstractClasses
		SccProjectUniqueName6 = AbstractClassesVSInterfaces\\AbstractClassesVSInterfaces.csproj
		SccProjectName6 = AbstractClassesVSInterfaces
		SccLocalPath6 = AbstractClassesVSInterfaces
		SccProjectUniqueName7 = AbstractExample\\AbstractExample.csproj
		SccProjectName7 = AbstractExample
		SccLocalPath7 = AbstractExample
		SccProjectUniqueName8 = AnonymousMethods\\AnonymousMethods.csproj
		SccProjectName8 = AnonymousMethods
		SccLocalPath8 = AnonymousMethods
		SccProjectUniqueName9 = CSharp3PocketReference\\CSharp3PocketReference.csproj
		SccProjectName9 = CSharp3PocketReference
		SccLocalPath9 = CSharp3PocketReference
		SccProjectUniqueName10 = CSharpNewLanguageFeaturesAndCodingStandardsCourse\\CSharpNewLanguageFeaturesAndCodingStandardsCourse.csproj
		SccProjectName10 = CSharpNewLanguageFeaturesAndCodingStandardsCourse
		SccLocalPath10 = CSharpNewLanguageFeaturesAndCodingStandardsCourse
		SccProjectUniqueName11 = CSharpNewLanguageFeaturesExperiments\\CSharpNewLanguageFeaturesExperiments.csproj
		SccProjectName11 = CSharpNewLanguageFeaturesExperiments
		SccLocalPath11 = CSharpNewLanguageFeaturesExperiments
		SccProjectUniqueName12 = Delegates\\Delegates.csproj
		SccProjectName12 = Delegates
		SccLocalPath12 = Delegates
		SccProjectUniqueName13 = Delegates2\\Delegates2.csproj
		SccProjectName13 = Delegates2
		SccLocalPath13 = Delegates2
		SccProjectUniqueName14 = DelegatesExample\\DelegatesExample.csproj
		SccProjectName14 = DelegatesExample
		SccLocalPath14 = DelegatesExample
		SccProjectUniqueName15 = GridViewUsingCode\\GridViewUsingCode.csproj
		SccProjectName15 = GridViewUsingCode
		SccLocalPath15 = GridViewUsingCode
		SccProjectUniqueName16 = HTML5Examples\\HTML5Examples.csproj
		SccProjectName16 = HTML5Examples
		SccLocalPath16 = HTML5Examples
		SccProjectUniqueName17 = HtmlDOM\\HtmlDOM.csproj
		SccProjectName17 = HtmlDOM
		SccLocalPath17 = HtmlDOM
		SccProjectUniqueName18 = IDictionaryStuff\\IDictionaryStuff.csproj
		SccProjectName18 = IDictionaryStuff
		SccLocalPath18 = IDictionaryStuff
		SccProjectUniqueName19 = InterfaceExample1\\InterfaceExample1.csproj
		SccProjectName19 = InterfaceExample1
		SccLocalPath19 = InterfaceExample1
		SccProjectUniqueName20 = Interfaces\\Interfaces.csproj
		SccProjectName20 = Interfaces
		SccLocalPath20 = Interfaces
		SccProjectUniqueName21 = InterfaceSearchLibraryConsoleApplication\\InterfaceSearchLibraryConsoleApplication.csproj
		SccProjectName21 = InterfaceSearchLibraryConsoleApplication
		SccLocalPath21 = InterfaceSearchLibraryConsoleApplication
		SccProjectUniqueName22 = InterfacesExample\\InterfacesExample.csproj
		SccProjectName22 = InterfacesExample
		SccLocalPath22 = InterfacesExample
		SccProjectUniqueName23 = InterfacesExample2\\InterfacesExample2.csproj
		SccProjectName23 = InterfacesExample2
		SccLocalPath23 = InterfacesExample2
		SccProjectUniqueName24 = JavaScript\\JavaScript.csproj
		SccProjectName24 = JavaScript
		SccLocalPath24 = JavaScript
		SccProjectUniqueName25 = JQueryExamples\\JQueryExamples.csproj
		SccProjectName25 = JQueryExamples
		SccLocalPath25 = JQueryExamples
		SccProjectUniqueName26 = LinqExample\\LinqExample.csproj
		SccProjectName26 = LinqExample
		SccLocalPath26 = LinqExample
		SccProjectUniqueName27 = LINQExamples\\LINQExamples.csproj
		SccProjectName27 = LINQExamples
		SccLocalPath27 = LINQExamples
		SccProjectUniqueName28 = LinqToSQLWebApplication\\LinqToSQLWebApplication.csproj
		SccProjectName28 = LinqToSQLWebApplication
		SccLocalPath28 = LinqToSQLWebApplication
		SccProjectUniqueName29 = ListsAndDictionaries\\ListsAndDictionaries.csproj
		SccProjectName29 = ListsAndDictionaries
		SccLocalPath29 = ListsAndDictionaries
		SccProjectUniqueName30 = ObjectAndCollectionInitializers\\ObjectAndCollectionInitializers.csproj
		SccProjectName30 = ObjectAndCollectionInitializers
		SccLocalPath30 = ObjectAndCollectionInitializers
		SccProjectUniqueName31 = PostAndGet\\PostAndGet.csproj
		SccProjectName31 = PostAndGet
		SccLocalPath31 = PostAndGet
		SccProjectUniqueName32 = ProjectEuler\\ProjectEuler.csproj
		SccProjectName32 = ProjectEuler
		SccLocalPath32 = ProjectEuler
		SccProjectUniqueName33 = PropertyBagExample\\PropertyBagExample.csproj
		SccProjectName33 = PropertyBagExample
		SccLocalPath33 = PropertyBagExample
		SccProjectUniqueName34 = SimpleDataStructures\\SimpleDataStructures.csproj
		SccProjectName34 = SimpleDataStructures
		SccLocalPath34 = SimpleDataStructures
		SccProjectUniqueName35 = Structures\\Structures.csproj
		SccProjectName35 = Structures
		SccLocalPath35 = Structures
		SccProjectUniqueName36 = TestDrivenDevelopmentPOC\\TestDrivenDevelopmentPOC.csproj
		SccProjectName36 = TestDrivenDevelopmentPOC
		SccLocalPath36 = TestDrivenDevelopmentPOC
		SccProjectUniqueName37 = TestWebApplication\\ConditionalCompilationAttributes.csproj
		SccProjectName37 = TestWebApplication
		SccLocalPath37 = TestWebApplication
		SccProjectUniqueName38 = TestWpfApplication\\TestWpfApplication\\TestWpfApplication.csproj
		SccProjectName38 = TestWpfApplication/TestWpfApplication
		SccLocalPath38 = TestWpfApplication\\TestWpfApplication
		SccProjectUniqueName39 = VirtualAndOverrideMethods\\VirtualAndOverrideMethods.csproj
		SccProjectName39 = VirtualAndOverrideMethods
		SccLocalPath39 = VirtualAndOverrideMethods
	EndGlobalSection
EndGlobal
